
Microsoft Visual Studio Solution File, Format Version 12.00
Project("{FAE04EC0-301F-11D3-BF4B-00C04F79EFBC}") = "PermutationsOfShorterInLongerString", "PermutationsOfShorterInLongerString\PermutationsOfShorterInLongerString.csproj", "{416F1D98-90CD-4C82-B02A-44A93FCB0658}"
EndProject
Global
	GlobalSection(SolutionConfigurationPlatforms) = preSolution
		Debug|Any CPU = Debug|Any CPU
		Release|Any CPU = Release|Any CPU
	EndGlobalSection
	GlobalSection(ProjectConfigurationPlatforms) = postSolution
		{416F1D98-90CD-4C82-B02A-44A93FCB0658}.Debug|Any CPU.ActiveCfg = Debug|Any CPU
		{416F1D98-90CD-4C82-B02A-44A93FCB0658}.Debug|Any CPU.Build.0 = Debug|Any CPU
		{416F1D98-90CD-4C82-B02A-44A93FCB0658}.Release|Any CPU.ActiveCfg = Release|Any CPU
		{416F1D98-90CD-4C82-B02A-44A93FCB0658}.Release|Any CPU.Build.0 = Release|Any CPU
	EndGlobalSection
EndGlobal
